<?xml version="1.0" encoding="utf-8"?>
<Project ToolsVersion="4.0" xmlns="http://schemas.microsoft.com/developer/msbuild/2003">
  <ItemGroup>
    <Filter Include="Source Files">
      <UniqueIdentifier>{4FC737F1-C7A5-4376-A066-2A32D752A2FF}</UniqueIdentifier>
      <Extensions>cpp;c;cc;cxx;c++;cppm;ixx;def;odl;idl;hpj;bat;asm;asmx</Extensions>
    </Filter>
    <Filter Include="Header Files">
      <UniqueIdentifier>{93995380-89BD-4b04-88EB-625FBE52EBFB}</UniqueIdentifier>
      <Extensions>h;hh;hpp;hxx;h++;hm;inl;inc;ipp;xsd</Extensions>
    </Filter>
    <Filter Include="Resource Files">
      <UniqueIdentifier>{67DA6AB6-F800-4c08-8B7A-83BB121AAD01}</UniqueIdentifier>
      <Extensions>rc;ico;cur;bmp;dlg;rc2;rct;bin;rgs;gif;jpg;jpeg;jpe;resx;tiff;tif;png;wav;mfcribbon-ms</Extensions>
    </Filter>
  </ItemGroup>
  <ItemGroup>
    <ClInclude Include="vk_local.h">
      <Filter>Header Files</Filter>
    </ClInclude>
    <ClInclude Include="..\qcommon\qcommon.h">
      <Filter>Header Files</Filter>
    </ClInclude>
    <ClInclude Include="q_shared.h">
      <Filter>Header Files</Filter>
    </ClInclude>
    <ClInclude Include="volk.h">
      <Filter>Header Files</Filter>
    </ClInclude>
    <ClInclude Include="vkw_win.h">
      <Filter>Header Files</Filter>
    </ClInclude>
    <ClInclude Include="vk_model.h">
      <Filter>Header Files</Filter>
    </ClInclude>
    <ClInclude Include="vk_pipeline_data.h">
      <Filter>Header Files</Filter>
    </ClInclude>
    <ClInclude Include="vk_math.h">
      <Filter>Header Files</Filter>
    </ClInclude>
    <ClInclude Include="vk_data.h">
      <Filter>Header Files</Filter>
    </ClInclude>
    <ClInclude Include="anormtab.h">
      <Filter>Header Files</Filter>
    </ClInclude>
    <ClInclude Include="anorms.h">
      <Filter>Header Files</Filter>
    </ClInclude>
    <ClInclude Include="shaders\world_lightmap_frag.h">
      <Filter>Header Files</Filter>
    </ClInclude>
    <ClInclude Include="shaders\world_lightmap_unclamped_frag.h">
      <Filter>Header Files</Filter>
    </ClInclude>
    <ClInclude Include="shaders\world_lightmap_vert.h">
      <Filter>Header Files</Filter>
    </ClInclude>
    <ClInclude Include="shaders\screen_textured_frag.h">
      <Filter>Header Files</Filter>
    </ClInclude>
    <ClInclude Include="shaders\screen_textured_vert.h">
      <Filter>Header Files</Filter>
    </ClInclude>
    <ClInclude Include="shaders\generic_colored_frag.h">
      <Filter>Header Files</Filter>
    </ClInclude>
    <ClInclude Include="shaders\screen_colored_vert.h">
      <Filter>Header Files</Filter>
    </ClInclude>
    <ClInclude Include="shaders\world_lightmap_only_frag.h">
      <Filter>Header Files</Filter>
    </ClInclude>
    <ClInclude Include="shaders\world_unlit_vert.h">
      <Filter>Header Files</Filter>
    </ClInclude>
    <ClInclude Include="shaders\world_unlit_frag.h">
      <Filter>Header Files</Filter>
    </ClInclude>
    <ClInclude Include="shaders\brush_lightmap_vert.h">
      <Filter>Header Files</Filter>
    </ClInclude>
    <ClInclude Include="shaders\alias_vertexlit_frag.h">
      <Filter>Header Files</Filter>
    </ClInclude>
    <ClInclude Include="shaders\alias_vertexlit_vert.h">
      <Filter>Header Files</Filter>
    </ClInclude>
    <ClInclude Include="shaders\world_unlit_warped_frag.h">
      <Filter>Header Files</Filter>
    </ClInclude>
    <ClInclude Include="shaders\world_sky_frag.h">
      <Filter>Header Files</Filter>
    </ClInclude>
    <ClInclude Include="shaders\world_sky_vert.h">
      <Filter>Header Files</Filter>
    </ClInclude>
    <ClInclude Include="ref.h">
      <Filter>Header Files</Filter>
    </ClInclude>
    <ClInclude Include="winquake.h">
      <Filter>Header Files</Filter>
    </ClInclude>
    <ClInclude Include="shaders\sprite_textured_frag.h">
      <Filter>Header Files</Filter>
    </ClInclude>
    <ClInclude Include="shaders\sprite_textured_vert.h">
      <Filter>Header Files</Filter>
    </ClInclude>
    <ClInclude Include="shaders\particle_vert.h">
      <Filter>Header Files</Filter>
    </ClInclude>
    <ClInclude Include="shaders\beam_vert.h">
      <Filter>Header Files</Filter>
    </ClInclude>
    <ClInclude Include="shaders\particle_frag.h">
      <Filter>Header Files</Filter>
    </ClInclude>
  </ItemGroup>
  <ItemGroup>
    <ClCompile Include="vk_rmain.cpp">
      <Filter>Source Files</Filter>
    </ClCompile>
    <ClCompile Include="vkw_imp.cpp">
      <Filter>Source Files</Filter>
    </ClCompile>
    <ClCompile Include="volk.c">
      <Filter>Source Files</Filter>
    </ClCompile>
    <ClCompile Include="vk_device.cpp">
      <Filter>Source Files</Filter>
    </ClCompile>
    <ClCompile Include="vk_draw.cpp">
      <Filter>Source Files</Filter>
    </ClCompile>
    <ClCompile Include="vk_image.cpp">
      <Filter>Source Files</Filter>
    </ClCompile>
    <ClCompile Include="vk_model.cpp">
      <Filter>Source Files</Filter>
    </ClCompile>
    <ClCompile Include="vk_warp.cpp">
      <Filter>Source Files</Filter>
    </ClCompile>
    <ClCompile Include="vk_swapchain.cpp">
      <Filter>Source Files</Filter>
    </ClCompile>
    <ClCompile Include="vk_pipeline.cpp">
      <Filter>Source Files</Filter>
    </ClCompile>
    <ClCompile Include="vk_memory.cpp">
      <Filter>Source Files</Filter>
    </ClCompile>
    <ClCompile Include="vk_stage.cpp">
      <Filter>Source Files</Filter>
    </ClCompile>
    <ClCompile Include="vk_rmisc.cpp">
      <Filter>Source Files</Filter>
    </ClCompile>
    <ClCompile Include="vk_math.cpp">
      <Filter>Source Files</Filter>
    </ClCompile>
    <ClCompile Include="vk_descriptor.cpp">
      <Filter>Source Files</Filter>
    </ClCompile>
    <ClCompile Include="vk_rsurf.cpp">
      <Filter>Source Files</Filter>
    </ClCompile>
    <ClCompile Include="vk_builder.cpp">
      <Filter>Source Files</Filter>
    </ClCompile>
    <ClCompile Include="vk_light.cpp">
      <Filter>Source Files</Filter>
    </ClCompile>
    <ClCompile Include="vk_things.cpp">
      <Filter>Source Files</Filter>
    </ClCompile>
    <ClCompile Include="vk_mesh.cpp">
      <Filter>Source Files</Filter>
    </ClCompile>
    <ClCompile Include="q_shared.cpp">
      <Filter>Source Files</Filter>
    </ClCompile>
    <ClCompile Include="q_shwin.cpp">
      <Filter>Source Files</Filter>
    </ClCompile>
    <ClCompile Include="vk_particle.cpp">
      <Filter>Source Files</Filter>
    </ClCompile>
  </ItemGroup>
  <ItemGroup>
    <None Include="ref_vk.def">
      <Filter>Resource Files</Filter>
    </None>
  </ItemGroup>
</Project>